{
  "name": "FlaskTest",
  "lockfileVersion": 2,
  "requires": true,
  "packages": {
    "": {
      "dependencies": {
        "cute-alert": "^0.0.3",
        "yoyo-popup": "^1.0.2"
      }
    },
    "node_modules/cute-alert": {
      "version": "0.0.3",
      "resolved": "https://registry.npmjs.org/cute-alert/-/cute-alert-0.0.3.tgz",
      "integrity": "sha512-62y7sQuf0KMSd5Mqf7XEYHq/1nySQVnv5xx7lnUkp/v8GB/CRmNJY2hC0QlfDmZsG8+jESyas9Ah3XWXr0xFkw=="
    },
    "node_modules/yoyo-popup": {
      "version": "1.0.2",
      "resolved": "https://registry.npmjs.org/yoyo-popup/-/yoyo-popup-1.0.2.tgz",
      "integrity": "sha512-ld0u76I8VvqwH8YL3fT0zxYQWX0JOHzlymGFZVyr7hSuV4NJolC/sO4BlnJIyBdwSTDHrK6gnCUyUK2srgxwhQ=="
    }
  },
  "dependencies": {
    "cute-alert": {
      "version": "0.0.3",
      "resolved": "https://registry.npmjs.org/cute-alert/-/cute-alert-0.0.3.tgz",
      "integrity": "sha512-62y7sQuf0KMSd5Mqf7XEYHq/1nySQVnv5xx7lnUkp/v8GB/CRmNJY2hC0QlfDmZsG8+jESyas9Ah3XWXr0xFkw=="
    },
    "yoyo-popup": {
      "version": "1.0.2",
      "resolved": "https://registry.npmjs.org/yoyo-popup/-/yoyo-popup-1.0.2.tgz",
      "integrity": "sha512-ld0u76I8VvqwH8YL3fT0zxYQWX0JOHzlymGFZVyr7hSuV4NJolC/sO4BlnJIyBdwSTDHrK6gnCUyUK2srgxwhQ=="
    }
  }
}
